
Microsoft Visual Studio Solution File, Format Version 12.00
# Visual Studio Version 17
VisualStudioVersion = 17.11.35327.3
MinimumVisualStudioVersion = 10.0.40219.1
Project("{FAE04EC0-301F-11D3-BF4B-00C04F79EFBC}") = "Ex006", "Ex006.csproj", "{517ED240-3F0E-42D9-B043-AF0FF5EC0CC4}"
EndProject
Global
	GlobalSection(SolutionConfigurationPlatforms) = preSolution
		Debug|Any CPU = Debug|Any CPU
		Release|Any CPU = Release|Any CPU
	EndGlobalSection
	GlobalSection(ProjectConfigurationPlatforms) = postSolution
		{517ED240-3F0E-42D9-B043-AF0FF5EC0CC4}.Debug|Any CPU.ActiveCfg = Debug|Any CPU
		{517ED240-3F0E-42D9-B043-AF0FF5EC0CC4}.Debug|Any CPU.Build.0 = Debug|Any CPU
		{517ED240-3F0E-42D9-B043-AF0FF5EC0CC4}.Release|Any CPU.ActiveCfg = Release|Any CPU
		{517ED240-3F0E-42D9-B043-AF0FF5EC0CC4}.Release|Any CPU.Build.0 = Release|Any CPU
	EndGlobalSection
	GlobalSection(SolutionProperties) = preSolution
		HideSolutionNode = FALSE
	EndGlobalSection
	GlobalSection(ExtensibilityGlobals) = postSolution
		SolutionGuid = {C9843A54-7854-4EC6-B96B-F4B5FD793218}
	EndGlobalSection
EndGlobal
