
Microsoft Visual Studio Solution File, Format Version 12.00
# Visual Studio Version 17
VisualStudioVersion = 17.11.35327.3
MinimumVisualStudioVersion = 10.0.40219.1
Project("{FAE04EC0-301F-11D3-BF4B-00C04F79EFBC}") = "Calculosalario", "Calculosalario.csproj", "{BC499C0E-4FB1-4A3F-A153-DF19B1EC1544}"
EndProject
Global
	GlobalSection(SolutionConfigurationPlatforms) = preSolution
		Debug|Any CPU = Debug|Any CPU
		Release|Any CPU = Release|Any CPU
	EndGlobalSection
	GlobalSection(ProjectConfigurationPlatforms) = postSolution
		{BC499C0E-4FB1-4A3F-A153-DF19B1EC1544}.Debug|Any CPU.ActiveCfg = Debug|Any CPU
		{BC499C0E-4FB1-4A3F-A153-DF19B1EC1544}.Debug|Any CPU.Build.0 = Debug|Any CPU
		{BC499C0E-4FB1-4A3F-A153-DF19B1EC1544}.Release|Any CPU.ActiveCfg = Release|Any CPU
		{BC499C0E-4FB1-4A3F-A153-DF19B1EC1544}.Release|Any CPU.Build.0 = Release|Any CPU
	EndGlobalSection
	GlobalSection(SolutionProperties) = preSolution
		HideSolutionNode = FALSE
	EndGlobalSection
	GlobalSection(ExtensibilityGlobals) = postSolution
		SolutionGuid = {313915B9-AA9A-4270-B9F4-136A9648E442}
	EndGlobalSection
EndGlobal
